
Microsoft Visual Studio Solution File, Format Version 12.00
# Visual Studio Version 16
VisualStudioVersion = 16.0.28315.86
MinimumVisualStudioVersion = 10.0.40219.1
Project("{2150E333-8FDC-42A3-9474-1A3956D46DE8}") = "Engine", "Engine", "{94A6C6F3-99B3-346E-9557-ABF9D4064DBD}"
EndProject
Project("{2150E333-8FDC-42A3-9474-1A3956D46DE8}") = "Games", "Games", "{8E2F6A87-1826-34F4-940C-CC23A48F9FE4}"
EndProject
Project("{8BC9CEB8-8B4A-11D0-8D11-00A0C91BC942}") = "Itukusima_VS", "Intermediate\ProjectFiles\Itukusima_VS.vcxproj", "{086F6A2E-1380-4731-AE9C-444C9C45BD06}"
EndProject
Project("{8BC9CEB8-8B4A-11D0-8D11-00A0C91BC942}") = "UE4", "Intermediate\ProjectFiles\UE4.vcxproj", "{B41D79CB-A634-4209-9038-72E06DE07921}"
EndProject
Project("{2150E333-8FDC-42A3-9474-1A3956D46DE8}") = "Visualizers", "Visualizers", "{1CCEC849-CC72-4C59-8C36-2F7C38706D4C}"
	ProjectSection(SolutionItems) = preProject
		G:\UE_4.27\Engine\Extras\VisualStudioDebugging\UE4.natvis = G:\UE_4.27\Engine\Extras\VisualStudioDebugging\UE4.natvis
	EndProjectSection
EndProject
Global
	GlobalSection(SolutionConfigurationPlatforms) = preSolution
		DebugGame Editor|HoloLens = DebugGame Editor|HoloLens
		DebugGame Editor|IOS = DebugGame Editor|IOS
		DebugGame Editor|TVOS = DebugGame Editor|TVOS
		DebugGame Editor|Win32 = DebugGame Editor|Win32
		DebugGame Editor|Win64 = DebugGame Editor|Win64
		DebugGame Server|HoloLens = DebugGame Server|HoloLens
		DebugGame Server|IOS = DebugGame Server|IOS
		DebugGame Server|TVOS = DebugGame Server|TVOS
		DebugGame Server|Win32 = DebugGame Server|Win32
		DebugGame Server|Win64 = DebugGame Server|Win64
		DebugGame|HoloLens = DebugGame|HoloLens
		DebugGame|IOS = DebugGame|IOS
		DebugGame|TVOS = DebugGame|TVOS
		DebugGame|Win32 = DebugGame|Win32
		DebugGame|Win64 = DebugGame|Win64
		Development Editor|HoloLens = Development Editor|HoloLens
		Development Editor|IOS = Development Editor|IOS
		Development Editor|TVOS = Development Editor|TVOS
		Development Editor|Win32 = Development Editor|Win32
		Development Editor|Win64 = Development Editor|Win64
		Development Server|HoloLens = Development Server|HoloLens
		Development Server|IOS = Development Server|IOS
		Development Server|TVOS = Development Server|TVOS
		Development Server|Win32 = Development Server|Win32
		Development Server|Win64 = Development Server|Win64
		Development|HoloLens = Development|HoloLens
		Development|IOS = Development|IOS
		Development|TVOS = Development|TVOS
		Development|Win32 = Development|Win32
		Development|Win64 = Development|Win64
		Shipping Server|HoloLens = Shipping Server|HoloLens
		Shipping Server|IOS = Shipping Server|IOS
		Shipping Server|TVOS = Shipping Server|TVOS
		Shipping Server|Win32 = Shipping Server|Win32
		Shipping Server|Win64 = Shipping Server|Win64
		Shipping|HoloLens = Shipping|HoloLens
		Shipping|IOS = Shipping|IOS
		Shipping|TVOS = Shipping|TVOS
		Shipping|Win32 = Shipping|Win32
		Shipping|Win64 = Shipping|Win64
	EndGlobalSection
	# Visual Assist Section
	GlobalSection(44630d46-96b5-488c-8df926e21db8c1a3) = preSolution
		ueSolution=true
	EndGlobalSection
	GlobalSection(ProjectConfigurationPlatforms) = postSolution
		{086F6A2E-1380-4731-AE9C-444C9C45BD06}.DebugGame Editor|HoloLens.ActiveCfg = Invalid|Win32
		{086F6A2E-1380-4731-AE9C-444C9C45BD06}.DebugGame Editor|IOS.ActiveCfg = Invalid|Win32
		{086F6A2E-1380-4731-AE9C-444C9C45BD06}.DebugGame Editor|TVOS.ActiveCfg = Invalid|Win32
		{086F6A2E-1380-4731-AE9C-444C9C45BD06}.DebugGame Editor|Win32.ActiveCfg = Invalid|Win32
		{086F6A2E-1380-4731-AE9C-444C9C45BD06}.DebugGame Editor|Win64.ActiveCfg = DebugGame_Editor|x64
		{086F6A2E-1380-4731-AE9C-444C9C45BD06}.DebugGame Editor|Win64.Build.0 = DebugGame_Editor|x64
		{086F6A2E-1380-4731-AE9C-444C9C45BD06}.DebugGame Server|HoloLens.ActiveCfg = DebugGame_Server|arm64
		{086F6A2E-1380-4731-AE9C-444C9C45BD06}.DebugGame Server|HoloLens.Build.0 = DebugGame_Server|arm64
		{086F6A2E-1380-4731-AE9C-444C9C45BD06}.DebugGame Server|HoloLens.Deploy.0 = DebugGame_Server|arm64
		{086F6A2E-1380-4731-AE9C-444C9C45BD06}.DebugGame Server|IOS.ActiveCfg = IOS_DebugGame_Server|Win32
		{086F6A2E-1380-4731-AE9C-444C9C45BD06}.DebugGame Server|IOS.Build.0 = IOS_DebugGame_Server|Win32
		{086F6A2E-1380-4731-AE9C-444C9C45BD06}.DebugGame Server|TVOS.ActiveCfg = TVOS_DebugGame_Server|Win32
		{086F6A2E-1380-4731-AE9C-444C9C45BD06}.DebugGame Server|TVOS.Build.0 = TVOS_DebugGame_Server|Win32
		{086F6A2E-1380-4731-AE9C-444C9C45BD06}.DebugGame Server|Win32.ActiveCfg = DebugGame_Server|Win32
		{086F6A2E-1380-4731-AE9C-444C9C45BD06}.DebugGame Server|Win32.Build.0 = DebugGame_Server|Win32
		{086F6A2E-1380-4731-AE9C-444C9C45BD06}.DebugGame Server|Win64.ActiveCfg = DebugGame_Server|x64
		{086F6A2E-1380-4731-AE9C-444C9C45BD06}.DebugGame Server|Win64.Build.0 = DebugGame_Server|x64
		{086F6A2E-1380-4731-AE9C-444C9C45BD06}.DebugGame|HoloLens.ActiveCfg = DebugGame|arm64
		{086F6A2E-1380-4731-AE9C-444C9C45BD06}.DebugGame|HoloLens.Build.0 = DebugGame|arm64
		{086F6A2E-1380-4731-AE9C-444C9C45BD06}.DebugGame|HoloLens.Deploy.0 = DebugGame|arm64
		{086F6A2E-1380-4731-AE9C-444C9C45BD06}.DebugGame|IOS.ActiveCfg = IOS_DebugGame|Win32
		{086F6A2E-1380-4731-AE9C-444C9C45BD06}.DebugGame|IOS.Build.0 = IOS_DebugGame|Win32
		{086F6A2E-1380-4731-AE9C-444C9C45BD06}.DebugGame|TVOS.ActiveCfg = TVOS_DebugGame|Win32
		{086F6A2E-1380-4731-AE9C-444C9C45BD06}.DebugGame|TVOS.Build.0 = TVOS_DebugGame|Win32
		{086F6A2E-1380-4731-AE9C-444C9C45BD06}.DebugGame|Win32.ActiveCfg = DebugGame|Win32
		{086F6A2E-1380-4731-AE9C-444C9C45BD06}.DebugGame|Win32.Build.0 = DebugGame|Win32
		{086F6A2E-1380-4731-AE9C-444C9C45BD06}.DebugGame|Win64.ActiveCfg = DebugGame|x64
		{086F6A2E-1380-4731-AE9C-444C9C45BD06}.DebugGame|Win64.Build.0 = DebugGame|x64
		{086F6A2E-1380-4731-AE9C-444C9C45BD06}.Development Editor|HoloLens.ActiveCfg = Invalid|Win32
		{086F6A2E-1380-4731-AE9C-444C9C45BD06}.Development Editor|IOS.ActiveCfg = Invalid|Win32
		{086F6A2E-1380-4731-AE9C-444C9C45BD06}.Development Editor|TVOS.ActiveCfg = Invalid|Win32
		{086F6A2E-1380-4731-AE9C-444C9C45BD06}.Development Editor|Win32.ActiveCfg = Invalid|Win32
		{086F6A2E-1380-4731-AE9C-444C9C45BD06}.Development Editor|Win64.ActiveCfg = Development_Editor|x64
		{086F6A2E-1380-4731-AE9C-444C9C45BD06}.Development Editor|Win64.Build.0 = Development_Editor|x64
		{086F6A2E-1380-4731-AE9C-444C9C45BD06}.Development Server|HoloLens.ActiveCfg = Development_Server|arm64
		{086F6A2E-1380-4731-AE9C-444C9C45BD06}.Development Server|HoloLens.Build.0 = Development_Server|arm64
		{086F6A2E-1380-4731-AE9C-444C9C45BD06}.Development Server|HoloLens.Deploy.0 = Development_Server|arm64
		{086F6A2E-1380-4731-AE9C-444C9C45BD06}.Development Server|IOS.ActiveCfg = IOS_Development_Server|Win32
		{086F6A2E-1380-4731-AE9C-444C9C45BD06}.Development Server|IOS.Build.0 = IOS_Development_Server|Win32
		{086F6A2E-1380-4731-AE9C-444C9C45BD06}.Development Server|TVOS.ActiveCfg = TVOS_Development_Server|Win32
		{086F6A2E-1380-4731-AE9C-444C9C45BD06}.Development Server|TVOS.Build.0 = TVOS_Development_Server|Win32
		{086F6A2E-1380-4731-AE9C-444C9C45BD06}.Development Server|Win32.ActiveCfg = Development_Server|Win32
		{086F6A2E-1380-4731-AE9C-444C9C45BD06}.Development Server|Win32.Build.0 = Development_Server|Win32
		{086F6A2E-1380-4731-AE9C-444C9C45BD06}.Development Server|Win64.ActiveCfg = Development_Server|x64
		{086F6A2E-1380-4731-AE9C-444C9C45BD06}.Development Server|Win64.Build.0 = Development_Server|x64
		{086F6A2E-1380-4731-AE9C-444C9C45BD06}.Development|HoloLens.ActiveCfg = Development|arm64
		{086F6A2E-1380-4731-AE9C-444C9C45BD06}.Development|HoloLens.Build.0 = Development|arm64
		{086F6A2E-1380-4731-AE9C-444C9C45BD06}.Development|HoloLens.Deploy.0 = Development|arm64
		{086F6A2E-1380-4731-AE9C-444C9C45BD06}.Development|IOS.ActiveCfg = IOS_Development|Win32
		{086F6A2E-1380-4731-AE9C-444C9C45BD06}.Development|IOS.Build.0 = IOS_Development|Win32
		{086F6A2E-1380-4731-AE9C-444C9C45BD06}.Development|TVOS.ActiveCfg = TVOS_Development|Win32
		{086F6A2E-1380-4731-AE9C-444C9C45BD06}.Development|TVOS.Build.0 = TVOS_Development|Win32
		{086F6A2E-1380-4731-AE9C-444C9C45BD06}.Development|Win32.ActiveCfg = Development|Win32
		{086F6A2E-1380-4731-AE9C-444C9C45BD06}.Development|Win32.Build.0 = Development|Win32
		{086F6A2E-1380-4731-AE9C-444C9C45BD06}.Development|Win64.ActiveCfg = Development|x64
		{086F6A2E-1380-4731-AE9C-444C9C45BD06}.Development|Win64.Build.0 = Development|x64
		{086F6A2E-1380-4731-AE9C-444C9C45BD06}.Shipping Server|HoloLens.ActiveCfg = Shipping_Server|arm64
		{086F6A2E-1380-4731-AE9C-444C9C45BD06}.Shipping Server|HoloLens.Build.0 = Shipping_Server|arm64
		{086F6A2E-1380-4731-AE9C-444C9C45BD06}.Shipping Server|HoloLens.Deploy.0 = Shipping_Server|arm64
		{086F6A2E-1380-4731-AE9C-444C9C45BD06}.Shipping Server|IOS.ActiveCfg = IOS_Shipping_Server|Win32
		{086F6A2E-1380-4731-AE9C-444C9C45BD06}.Shipping Server|IOS.Build.0 = IOS_Shipping_Server|Win32
		{086F6A2E-1380-4731-AE9C-444C9C45BD06}.Shipping Server|TVOS.ActiveCfg = TVOS_Shipping_Server|Win32
		{086F6A2E-1380-4731-AE9C-444C9C45BD06}.Shipping Server|TVOS.Build.0 = TVOS_Shipping_Server|Win32
		{086F6A2E-1380-4731-AE9C-444C9C45BD06}.Shipping Server|Win32.ActiveCfg = Shipping_Server|Win32
		{086F6A2E-1380-4731-AE9C-444C9C45BD06}.Shipping Server|Win32.Build.0 = Shipping_Server|Win32
		{086F6A2E-1380-4731-AE9C-444C9C45BD06}.Shipping Server|Win64.ActiveCfg = Shipping_Server|x64
		{086F6A2E-1380-4731-AE9C-444C9C45BD06}.Shipping Server|Win64.Build.0 = Shipping_Server|x64
		{086F6A2E-1380-4731-AE9C-444C9C45BD06}.Shipping|HoloLens.ActiveCfg = Shipping|arm64
		{086F6A2E-1380-4731-AE9C-444C9C45BD06}.Shipping|HoloLens.Build.0 = Shipping|arm64
		{086F6A2E-1380-4731-AE9C-444C9C45BD06}.Shipping|HoloLens.Deploy.0 = Shipping|arm64
		{086F6A2E-1380-4731-AE9C-444C9C45BD06}.Shipping|IOS.ActiveCfg = IOS_Shipping|Win32
		{086F6A2E-1380-4731-AE9C-444C9C45BD06}.Shipping|IOS.Build.0 = IOS_Shipping|Win32
		{086F6A2E-1380-4731-AE9C-444C9C45BD06}.Shipping|TVOS.ActiveCfg = TVOS_Shipping|Win32
		{086F6A2E-1380-4731-AE9C-444C9C45BD06}.Shipping|TVOS.Build.0 = TVOS_Shipping|Win32
		{086F6A2E-1380-4731-AE9C-444C9C45BD06}.Shipping|Win32.ActiveCfg = Shipping|Win32
		{086F6A2E-1380-4731-AE9C-444C9C45BD06}.Shipping|Win32.Build.0 = Shipping|Win32
		{086F6A2E-1380-4731-AE9C-444C9C45BD06}.Shipping|Win64.ActiveCfg = Shipping|x64
		{086F6A2E-1380-4731-AE9C-444C9C45BD06}.Shipping|Win64.Build.0 = Shipping|x64
		{B41D79CB-A634-4209-9038-72E06DE07921}.DebugGame Editor|HoloLens.ActiveCfg = BuiltWithUnrealBuildTool|Win32
		{B41D79CB-A634-4209-9038-72E06DE07921}.DebugGame Editor|IOS.ActiveCfg = BuiltWithUnrealBuildTool|Win32
		{B41D79CB-A634-4209-9038-72E06DE07921}.DebugGame Editor|TVOS.ActiveCfg = BuiltWithUnrealBuildTool|Win32
		{B41D79CB-A634-4209-9038-72E06DE07921}.DebugGame Editor|Win32.ActiveCfg = BuiltWithUnrealBuildTool|Win32
		{B41D79CB-A634-4209-9038-72E06DE07921}.DebugGame Editor|Win64.ActiveCfg = BuiltWithUnrealBuildTool|Win32
		{B41D79CB-A634-4209-9038-72E06DE07921}.DebugGame Server|HoloLens.ActiveCfg = BuiltWithUnrealBuildTool|Win32
		{B41D79CB-A634-4209-9038-72E06DE07921}.DebugGame Server|IOS.ActiveCfg = BuiltWithUnrealBuildTool|Win32
		{B41D79CB-A634-4209-9038-72E06DE07921}.DebugGame Server|TVOS.ActiveCfg = BuiltWithUnrealBuildTool|Win32
		{B41D79CB-A634-4209-9038-72E06DE07921}.DebugGame Server|Win32.ActiveCfg = BuiltWithUnrealBuildTool|Win32
		{B41D79CB-A634-4209-9038-72E06DE07921}.DebugGame Server|Win64.ActiveCfg = BuiltWithUnrealBuildTool|Win32
		{B41D79CB-A634-4209-9038-72E06DE07921}.DebugGame|HoloLens.ActiveCfg = BuiltWithUnrealBuildTool|Win32
		{B41D79CB-A634-4209-9038-72E06DE07921}.DebugGame|IOS.ActiveCfg = BuiltWithUnrealBuildTool|Win32
		{B41D79CB-A634-4209-9038-72E06DE07921}.DebugGame|TVOS.ActiveCfg = BuiltWithUnrealBuildTool|Win32
		{B41D79CB-A634-4209-9038-72E06DE07921}.DebugGame|Win32.ActiveCfg = BuiltWithUnrealBuildTool|Win32
		{B41D79CB-A634-4209-9038-72E06DE07921}.DebugGame|Win64.ActiveCfg = BuiltWithUnrealBuildTool|Win32
		{B41D79CB-A634-4209-9038-72E06DE07921}.Development Editor|HoloLens.ActiveCfg = BuiltWithUnrealBuildTool|Win32
		{B41D79CB-A634-4209-9038-72E06DE07921}.Development Editor|IOS.ActiveCfg = BuiltWithUnrealBuildTool|Win32
		{B41D79CB-A634-4209-9038-72E06DE07921}.Development Editor|TVOS.ActiveCfg = BuiltWithUnrealBuildTool|Win32
		{B41D79CB-A634-4209-9038-72E06DE07921}.Development Editor|Win32.ActiveCfg = BuiltWithUnrealBuildTool|Win32
		{B41D79CB-A634-4209-9038-72E06DE07921}.Development Editor|Win64.ActiveCfg = BuiltWithUnrealBuildTool|Win32
		{B41D79CB-A634-4209-9038-72E06DE07921}.Development Server|HoloLens.ActiveCfg = BuiltWithUnrealBuildTool|Win32
		{B41D79CB-A634-4209-9038-72E06DE07921}.Development Server|IOS.ActiveCfg = BuiltWithUnrealBuildTool|Win32
		{B41D79CB-A634-4209-9038-72E06DE07921}.Development Server|TVOS.ActiveCfg = BuiltWithUnrealBuildTool|Win32
		{B41D79CB-A634-4209-9038-72E06DE07921}.Development Server|Win32.ActiveCfg = BuiltWithUnrealBuildTool|Win32
		{B41D79CB-A634-4209-9038-72E06DE07921}.Development Server|Win64.ActiveCfg = BuiltWithUnrealBuildTool|Win32
		{B41D79CB-A634-4209-9038-72E06DE07921}.Development|HoloLens.ActiveCfg = BuiltWithUnrealBuildTool|Win32
		{B41D79CB-A634-4209-9038-72E06DE07921}.Development|IOS.ActiveCfg = BuiltWithUnrealBuildTool|Win32
		{B41D79CB-A634-4209-9038-72E06DE07921}.Development|TVOS.ActiveCfg = BuiltWithUnrealBuildTool|Win32
		{B41D79CB-A634-4209-9038-72E06DE07921}.Development|Win32.ActiveCfg = BuiltWithUnrealBuildTool|Win32
		{B41D79CB-A634-4209-9038-72E06DE07921}.Development|Win64.ActiveCfg = BuiltWithUnrealBuildTool|Win32
		{B41D79CB-A634-4209-9038-72E06DE07921}.Shipping Server|HoloLens.ActiveCfg = BuiltWithUnrealBuildTool|Win32
		{B41D79CB-A634-4209-9038-72E06DE07921}.Shipping Server|IOS.ActiveCfg = BuiltWithUnrealBuildTool|Win32
		{B41D79CB-A634-4209-9038-72E06DE07921}.Shipping Server|TVOS.ActiveCfg = BuiltWithUnrealBuildTool|Win32
		{B41D79CB-A634-4209-9038-72E06DE07921}.Shipping Server|Win32.ActiveCfg = BuiltWithUnrealBuildTool|Win32
		{B41D79CB-A634-4209-9038-72E06DE07921}.Shipping Server|Win64.ActiveCfg = BuiltWithUnrealBuildTool|Win32
		{B41D79CB-A634-4209-9038-72E06DE07921}.Shipping|HoloLens.ActiveCfg = BuiltWithUnrealBuildTool|Win32
		{B41D79CB-A634-4209-9038-72E06DE07921}.Shipping|IOS.ActiveCfg = BuiltWithUnrealBuildTool|Win32
		{B41D79CB-A634-4209-9038-72E06DE07921}.Shipping|TVOS.ActiveCfg = BuiltWithUnrealBuildTool|Win32
		{B41D79CB-A634-4209-9038-72E06DE07921}.Shipping|Win32.ActiveCfg = BuiltWithUnrealBuildTool|Win32
		{B41D79CB-A634-4209-9038-72E06DE07921}.Shipping|Win64.ActiveCfg = BuiltWithUnrealBuildTool|Win32
	EndGlobalSection
	GlobalSection(SolutionProperties) = preSolution
		HideSolutionNode = FALSE
	EndGlobalSection
	GlobalSection(NestedProjects) = preSolution
		{B41D79CB-A634-4209-9038-72E06DE07921} = {94A6C6F3-99B3-346E-9557-ABF9D4064DBD}
		{086F6A2E-1380-4731-AE9C-444C9C45BD06} = {8E2F6A87-1826-34F4-940C-CC23A48F9FE4}
	EndGlobalSection
EndGlobal
