
Microsoft Visual Studio Solution File, Format Version 12.00
# Visual Studio Version 16
VisualStudioVersion = 16.0.28315.86
MinimumVisualStudioVersion = 10.0.40219.1
Project("{2150E333-8FDC-42A3-9474-1A3956D46DE8}") = "Engine", "Engine", "{94A6C6F3-99B3-346E-9557-ABF9D4064DBD}"
EndProject
Project("{2150E333-8FDC-42A3-9474-1A3956D46DE8}") = "Games", "Games", "{8E2F6A87-1826-34F4-940C-CC23A48F9FE4}"
EndProject
Project("{8BC9CEB8-8B4A-11D0-8D11-00A0C91BC942}") = "UE4", "Intermediate\ProjectFiles\UE4.vcxproj", "{E610FB20-2F15-4AA0-B3C8-6C3E456B9783}"
EndProject
Project("{8BC9CEB8-8B4A-11D0-8D11-00A0C91BC942}") = "Itukusima_VS", "Intermediate\ProjectFiles\Itukusima_VS.vcxproj", "{C5E7CE00-F94B-4A90-8687-13CCF1CAC3F6}"
EndProject
Project("{2150E333-8FDC-42A3-9474-1A3956D46DE8}") = "Visualizers", "Visualizers", "{1CCEC849-CC72-4C59-8C36-2F7C38706D4C}"
	ProjectSection(SolutionItems) = preProject
		..\..\..\..\Program Files\Epic Games\UE_4.27\Engine\Extras\VisualStudioDebugging\UE4.natvis = ..\..\..\..\Program Files\Epic Games\UE_4.27\Engine\Extras\VisualStudioDebugging\UE4.natvis
	EndProjectSection
EndProject
Global
	GlobalSection(SolutionConfigurationPlatforms) = preSolution
		DebugGame Editor|HoloLens = DebugGame Editor|HoloLens
		DebugGame Editor|Win32 = DebugGame Editor|Win32
		DebugGame Editor|Win64 = DebugGame Editor|Win64
		DebugGame Server|HoloLens = DebugGame Server|HoloLens
		DebugGame Server|Win32 = DebugGame Server|Win32
		DebugGame Server|Win64 = DebugGame Server|Win64
		DebugGame|HoloLens = DebugGame|HoloLens
		DebugGame|Win32 = DebugGame|Win32
		DebugGame|Win64 = DebugGame|Win64
		Development Editor|HoloLens = Development Editor|HoloLens
		Development Editor|Win32 = Development Editor|Win32
		Development Editor|Win64 = Development Editor|Win64
		Development Server|HoloLens = Development Server|HoloLens
		Development Server|Win32 = Development Server|Win32
		Development Server|Win64 = Development Server|Win64
		Development|HoloLens = Development|HoloLens
		Development|Win32 = Development|Win32
		Development|Win64 = Development|Win64
		Shipping Server|HoloLens = Shipping Server|HoloLens
		Shipping Server|Win32 = Shipping Server|Win32
		Shipping Server|Win64 = Shipping Server|Win64
		Shipping|HoloLens = Shipping|HoloLens
		Shipping|Win32 = Shipping|Win32
		Shipping|Win64 = Shipping|Win64
	EndGlobalSection
	# Visual Assist Section
	GlobalSection(44630d46-96b5-488c-8df926e21db8c1a3) = preSolution
		ueSolution=true
	EndGlobalSection
	GlobalSection(ProjectConfigurationPlatforms) = postSolution
		{E610FB20-2F15-4AA0-B3C8-6C3E456B9783}.DebugGame Editor|HoloLens.ActiveCfg = BuiltWithUnrealBuildTool|Win32
		{E610FB20-2F15-4AA0-B3C8-6C3E456B9783}.DebugGame Editor|Win32.ActiveCfg = BuiltWithUnrealBuildTool|Win32
		{E610FB20-2F15-4AA0-B3C8-6C3E456B9783}.DebugGame Editor|Win64.ActiveCfg = BuiltWithUnrealBuildTool|Win32
		{E610FB20-2F15-4AA0-B3C8-6C3E456B9783}.DebugGame Server|HoloLens.ActiveCfg = BuiltWithUnrealBuildTool|Win32
		{E610FB20-2F15-4AA0-B3C8-6C3E456B9783}.DebugGame Server|Win32.ActiveCfg = BuiltWithUnrealBuildTool|Win32
		{E610FB20-2F15-4AA0-B3C8-6C3E456B9783}.DebugGame Server|Win64.ActiveCfg = BuiltWithUnrealBuildTool|Win32
		{E610FB20-2F15-4AA0-B3C8-6C3E456B9783}.DebugGame|HoloLens.ActiveCfg = BuiltWithUnrealBuildTool|Win32
		{E610FB20-2F15-4AA0-B3C8-6C3E456B9783}.DebugGame|Win32.ActiveCfg = BuiltWithUnrealBuildTool|Win32
		{E610FB20-2F15-4AA0-B3C8-6C3E456B9783}.DebugGame|Win64.ActiveCfg = BuiltWithUnrealBuildTool|Win32
		{E610FB20-2F15-4AA0-B3C8-6C3E456B9783}.Development Editor|HoloLens.ActiveCfg = BuiltWithUnrealBuildTool|Win32
		{E610FB20-2F15-4AA0-B3C8-6C3E456B9783}.Development Editor|Win32.ActiveCfg = BuiltWithUnrealBuildTool|Win32
		{E610FB20-2F15-4AA0-B3C8-6C3E456B9783}.Development Editor|Win64.ActiveCfg = BuiltWithUnrealBuildTool|Win32
		{E610FB20-2F15-4AA0-B3C8-6C3E456B9783}.Development Server|HoloLens.ActiveCfg = BuiltWithUnrealBuildTool|Win32
		{E610FB20-2F15-4AA0-B3C8-6C3E456B9783}.Development Server|Win32.ActiveCfg = BuiltWithUnrealBuildTool|Win32
		{E610FB20-2F15-4AA0-B3C8-6C3E456B9783}.Development Server|Win64.ActiveCfg = BuiltWithUnrealBuildTool|Win32
		{E610FB20-2F15-4AA0-B3C8-6C3E456B9783}.Development|HoloLens.ActiveCfg = BuiltWithUnrealBuildTool|Win32
		{E610FB20-2F15-4AA0-B3C8-6C3E456B9783}.Development|Win32.ActiveCfg = BuiltWithUnrealBuildTool|Win32
		{E610FB20-2F15-4AA0-B3C8-6C3E456B9783}.Development|Win64.ActiveCfg = BuiltWithUnrealBuildTool|Win32
		{E610FB20-2F15-4AA0-B3C8-6C3E456B9783}.Shipping Server|HoloLens.ActiveCfg = BuiltWithUnrealBuildTool|Win32
		{E610FB20-2F15-4AA0-B3C8-6C3E456B9783}.Shipping Server|Win32.ActiveCfg = BuiltWithUnrealBuildTool|Win32
		{E610FB20-2F15-4AA0-B3C8-6C3E456B9783}.Shipping Server|Win64.ActiveCfg = BuiltWithUnrealBuildTool|Win32
		{E610FB20-2F15-4AA0-B3C8-6C3E456B9783}.Shipping|HoloLens.ActiveCfg = BuiltWithUnrealBuildTool|Win32
		{E610FB20-2F15-4AA0-B3C8-6C3E456B9783}.Shipping|Win32.ActiveCfg = BuiltWithUnrealBuildTool|Win32
		{E610FB20-2F15-4AA0-B3C8-6C3E456B9783}.Shipping|Win64.ActiveCfg = BuiltWithUnrealBuildTool|Win32
		{C5E7CE00-F94B-4A90-8687-13CCF1CAC3F6}.DebugGame Editor|HoloLens.ActiveCfg = Invalid|Win32
		{C5E7CE00-F94B-4A90-8687-13CCF1CAC3F6}.DebugGame Editor|Win32.ActiveCfg = Invalid|Win32
		{C5E7CE00-F94B-4A90-8687-13CCF1CAC3F6}.DebugGame Editor|Win64.ActiveCfg = DebugGame_Editor|x64
		{C5E7CE00-F94B-4A90-8687-13CCF1CAC3F6}.DebugGame Editor|Win64.Build.0 = DebugGame_Editor|x64
		{C5E7CE00-F94B-4A90-8687-13CCF1CAC3F6}.DebugGame Server|HoloLens.ActiveCfg = DebugGame_Server|arm64
		{C5E7CE00-F94B-4A90-8687-13CCF1CAC3F6}.DebugGame Server|HoloLens.Build.0 = DebugGame_Server|arm64
		{C5E7CE00-F94B-4A90-8687-13CCF1CAC3F6}.DebugGame Server|HoloLens.Deploy.0 = DebugGame_Server|arm64
		{C5E7CE00-F94B-4A90-8687-13CCF1CAC3F6}.DebugGame Server|Win32.ActiveCfg = DebugGame_Server|Win32
		{C5E7CE00-F94B-4A90-8687-13CCF1CAC3F6}.DebugGame Server|Win32.Build.0 = DebugGame_Server|Win32
		{C5E7CE00-F94B-4A90-8687-13CCF1CAC3F6}.DebugGame Server|Win64.ActiveCfg = DebugGame_Server|x64
		{C5E7CE00-F94B-4A90-8687-13CCF1CAC3F6}.DebugGame Server|Win64.Build.0 = DebugGame_Server|x64
		{C5E7CE00-F94B-4A90-8687-13CCF1CAC3F6}.DebugGame|HoloLens.ActiveCfg = DebugGame|arm64
		{C5E7CE00-F94B-4A90-8687-13CCF1CAC3F6}.DebugGame|HoloLens.Build.0 = DebugGame|arm64
		{C5E7CE00-F94B-4A90-8687-13CCF1CAC3F6}.DebugGame|HoloLens.Deploy.0 = DebugGame|arm64
		{C5E7CE00-F94B-4A90-8687-13CCF1CAC3F6}.DebugGame|Win32.ActiveCfg = DebugGame|Win32
		{C5E7CE00-F94B-4A90-8687-13CCF1CAC3F6}.DebugGame|Win32.Build.0 = DebugGame|Win32
		{C5E7CE00-F94B-4A90-8687-13CCF1CAC3F6}.DebugGame|Win64.ActiveCfg = DebugGame|x64
		{C5E7CE00-F94B-4A90-8687-13CCF1CAC3F6}.DebugGame|Win64.Build.0 = DebugGame|x64
		{C5E7CE00-F94B-4A90-8687-13CCF1CAC3F6}.Development Editor|HoloLens.ActiveCfg = Invalid|Win32
		{C5E7CE00-F94B-4A90-8687-13CCF1CAC3F6}.Development Editor|Win32.ActiveCfg = Invalid|Win32
		{C5E7CE00-F94B-4A90-8687-13CCF1CAC3F6}.Development Editor|Win64.ActiveCfg = Development_Editor|x64
		{C5E7CE00-F94B-4A90-8687-13CCF1CAC3F6}.Development Editor|Win64.Build.0 = Development_Editor|x64
		{C5E7CE00-F94B-4A90-8687-13CCF1CAC3F6}.Development Server|HoloLens.ActiveCfg = Development_Server|arm64
		{C5E7CE00-F94B-4A90-8687-13CCF1CAC3F6}.Development Server|HoloLens.Build.0 = Development_Server|arm64
		{C5E7CE00-F94B-4A90-8687-13CCF1CAC3F6}.Development Server|HoloLens.Deploy.0 = Development_Server|arm64
		{C5E7CE00-F94B-4A90-8687-13CCF1CAC3F6}.Development Server|Win32.ActiveCfg = Development_Server|Win32
		{C5E7CE00-F94B-4A90-8687-13CCF1CAC3F6}.Development Server|Win32.Build.0 = Development_Server|Win32
		{C5E7CE00-F94B-4A90-8687-13CCF1CAC3F6}.Development Server|Win64.ActiveCfg = Development_Server|x64
		{C5E7CE00-F94B-4A90-8687-13CCF1CAC3F6}.Development Server|Win64.Build.0 = Development_Server|x64
		{C5E7CE00-F94B-4A90-8687-13CCF1CAC3F6}.Development|HoloLens.ActiveCfg = Development|arm64
		{C5E7CE00-F94B-4A90-8687-13CCF1CAC3F6}.Development|HoloLens.Build.0 = Development|arm64
		{C5E7CE00-F94B-4A90-8687-13CCF1CAC3F6}.Development|HoloLens.Deploy.0 = Development|arm64
		{C5E7CE00-F94B-4A90-8687-13CCF1CAC3F6}.Development|Win32.ActiveCfg = Development|Win32
		{C5E7CE00-F94B-4A90-8687-13CCF1CAC3F6}.Development|Win32.Build.0 = Development|Win32
		{C5E7CE00-F94B-4A90-8687-13CCF1CAC3F6}.Development|Win64.ActiveCfg = Development|x64
		{C5E7CE00-F94B-4A90-8687-13CCF1CAC3F6}.Development|Win64.Build.0 = Development|x64
		{C5E7CE00-F94B-4A90-8687-13CCF1CAC3F6}.Shipping Server|HoloLens.ActiveCfg = Shipping_Server|arm64
		{C5E7CE00-F94B-4A90-8687-13CCF1CAC3F6}.Shipping Server|HoloLens.Build.0 = Shipping_Server|arm64
		{C5E7CE00-F94B-4A90-8687-13CCF1CAC3F6}.Shipping Server|HoloLens.Deploy.0 = Shipping_Server|arm64
		{C5E7CE00-F94B-4A90-8687-13CCF1CAC3F6}.Shipping Server|Win32.ActiveCfg = Shipping_Server|Win32
		{C5E7CE00-F94B-4A90-8687-13CCF1CAC3F6}.Shipping Server|Win32.Build.0 = Shipping_Server|Win32
		{C5E7CE00-F94B-4A90-8687-13CCF1CAC3F6}.Shipping Server|Win64.ActiveCfg = Shipping_Server|x64
		{C5E7CE00-F94B-4A90-8687-13CCF1CAC3F6}.Shipping Server|Win64.Build.0 = Shipping_Server|x64
		{C5E7CE00-F94B-4A90-8687-13CCF1CAC3F6}.Shipping|HoloLens.ActiveCfg = Shipping|arm64
		{C5E7CE00-F94B-4A90-8687-13CCF1CAC3F6}.Shipping|HoloLens.Build.0 = Shipping|arm64
		{C5E7CE00-F94B-4A90-8687-13CCF1CAC3F6}.Shipping|HoloLens.Deploy.0 = Shipping|arm64
		{C5E7CE00-F94B-4A90-8687-13CCF1CAC3F6}.Shipping|Win32.ActiveCfg = Shipping|Win32
		{C5E7CE00-F94B-4A90-8687-13CCF1CAC3F6}.Shipping|Win32.Build.0 = Shipping|Win32
		{C5E7CE00-F94B-4A90-8687-13CCF1CAC3F6}.Shipping|Win64.ActiveCfg = Shipping|x64
		{C5E7CE00-F94B-4A90-8687-13CCF1CAC3F6}.Shipping|Win64.Build.0 = Shipping|x64
	EndGlobalSection
	GlobalSection(SolutionProperties) = preSolution
		HideSolutionNode = FALSE
	EndGlobalSection
	GlobalSection(NestedProjects) = preSolution
		{E610FB20-2F15-4AA0-B3C8-6C3E456B9783} = {94A6C6F3-99B3-346E-9557-ABF9D4064DBD}
		{C5E7CE00-F94B-4A90-8687-13CCF1CAC3F6} = {8E2F6A87-1826-34F4-940C-CC23A48F9FE4}
	EndGlobalSection
EndGlobal
