
Microsoft Visual Studio Solution File, Format Version 12.00
# Visual Studio Version 16
VisualStudioVersion = 16.0.28315.86
MinimumVisualStudioVersion = 10.0.40219.1
Project("{2150E333-8FDC-42A3-9474-1A3956D46DE8}") = "Engine", "Engine", "{94A6C6F3-99B3-346E-9557-ABF9D4064DBD}"
EndProject
Project("{2150E333-8FDC-42A3-9474-1A3956D46DE8}") = "Games", "Games", "{8E2F6A87-1826-34F4-940C-CC23A48F9FE4}"
EndProject
Project("{8BC9CEB8-8B4A-11D0-8D11-00A0C91BC942}") = "Itukusima_VS", "Intermediate\ProjectFiles\Itukusima_VS.vcxproj", "{0B8E6595-A510-4D7C-862D-F8EB9BE5821E}"
EndProject
Project("{8BC9CEB8-8B4A-11D0-8D11-00A0C91BC942}") = "UE4", "Intermediate\ProjectFiles\UE4.vcxproj", "{5F9D95F4-467C-4D7D-9259-A26C4C3F1CEB}"
EndProject
Project("{2150E333-8FDC-42A3-9474-1A3956D46DE8}") = "Visualizers", "Visualizers", "{1CCEC849-CC72-4C59-8C36-2F7C38706D4C}"
	ProjectSection(SolutionItems) = preProject
		D:\Program Files\UE_4.27\Engine\Extras\VisualStudioDebugging\UE4.natvis = D:\Program Files\UE_4.27\Engine\Extras\VisualStudioDebugging\UE4.natvis
	EndProjectSection
EndProject
Global
	GlobalSection(SolutionConfigurationPlatforms) = preSolution
		DebugGame Editor|IOS = DebugGame Editor|IOS
		DebugGame Editor|Win32 = DebugGame Editor|Win32
		DebugGame Editor|Win64 = DebugGame Editor|Win64
		DebugGame Server|IOS = DebugGame Server|IOS
		DebugGame Server|Win32 = DebugGame Server|Win32
		DebugGame Server|Win64 = DebugGame Server|Win64
		DebugGame|IOS = DebugGame|IOS
		DebugGame|Win32 = DebugGame|Win32
		DebugGame|Win64 = DebugGame|Win64
		Development Editor|IOS = Development Editor|IOS
		Development Editor|Win32 = Development Editor|Win32
		Development Editor|Win64 = Development Editor|Win64
		Development Server|IOS = Development Server|IOS
		Development Server|Win32 = Development Server|Win32
		Development Server|Win64 = Development Server|Win64
		Development|IOS = Development|IOS
		Development|Win32 = Development|Win32
		Development|Win64 = Development|Win64
		Shipping Server|IOS = Shipping Server|IOS
		Shipping Server|Win32 = Shipping Server|Win32
		Shipping Server|Win64 = Shipping Server|Win64
		Shipping|IOS = Shipping|IOS
		Shipping|Win32 = Shipping|Win32
		Shipping|Win64 = Shipping|Win64
	EndGlobalSection
	# Visual Assist Section
	GlobalSection(44630d46-96b5-488c-8df926e21db8c1a3) = preSolution
		ueSolution=true
	EndGlobalSection
	GlobalSection(ProjectConfigurationPlatforms) = postSolution
		{0B8E6595-A510-4D7C-862D-F8EB9BE5821E}.DebugGame Editor|IOS.ActiveCfg = Invalid|Win32
		{0B8E6595-A510-4D7C-862D-F8EB9BE5821E}.DebugGame Editor|Win32.ActiveCfg = Invalid|Win32
		{0B8E6595-A510-4D7C-862D-F8EB9BE5821E}.DebugGame Editor|Win64.ActiveCfg = DebugGame_Editor|x64
		{0B8E6595-A510-4D7C-862D-F8EB9BE5821E}.DebugGame Editor|Win64.Build.0 = DebugGame_Editor|x64
		{0B8E6595-A510-4D7C-862D-F8EB9BE5821E}.DebugGame Server|IOS.ActiveCfg = IOS_DebugGame_Server|Win32
		{0B8E6595-A510-4D7C-862D-F8EB9BE5821E}.DebugGame Server|IOS.Build.0 = IOS_DebugGame_Server|Win32
		{0B8E6595-A510-4D7C-862D-F8EB9BE5821E}.DebugGame Server|Win32.ActiveCfg = DebugGame_Server|Win32
		{0B8E6595-A510-4D7C-862D-F8EB9BE5821E}.DebugGame Server|Win32.Build.0 = DebugGame_Server|Win32
		{0B8E6595-A510-4D7C-862D-F8EB9BE5821E}.DebugGame Server|Win64.ActiveCfg = DebugGame_Server|x64
		{0B8E6595-A510-4D7C-862D-F8EB9BE5821E}.DebugGame Server|Win64.Build.0 = DebugGame_Server|x64
		{0B8E6595-A510-4D7C-862D-F8EB9BE5821E}.DebugGame|IOS.ActiveCfg = IOS_DebugGame|Win32
		{0B8E6595-A510-4D7C-862D-F8EB9BE5821E}.DebugGame|IOS.Build.0 = IOS_DebugGame|Win32
		{0B8E6595-A510-4D7C-862D-F8EB9BE5821E}.DebugGame|Win32.ActiveCfg = DebugGame|Win32
		{0B8E6595-A510-4D7C-862D-F8EB9BE5821E}.DebugGame|Win32.Build.0 = DebugGame|Win32
		{0B8E6595-A510-4D7C-862D-F8EB9BE5821E}.DebugGame|Win64.ActiveCfg = DebugGame|x64
		{0B8E6595-A510-4D7C-862D-F8EB9BE5821E}.DebugGame|Win64.Build.0 = DebugGame|x64
		{0B8E6595-A510-4D7C-862D-F8EB9BE5821E}.Development Editor|IOS.ActiveCfg = Invalid|Win32
		{0B8E6595-A510-4D7C-862D-F8EB9BE5821E}.Development Editor|Win32.ActiveCfg = Invalid|Win32
		{0B8E6595-A510-4D7C-862D-F8EB9BE5821E}.Development Editor|Win64.ActiveCfg = Development_Editor|x64
		{0B8E6595-A510-4D7C-862D-F8EB9BE5821E}.Development Editor|Win64.Build.0 = Development_Editor|x64
		{0B8E6595-A510-4D7C-862D-F8EB9BE5821E}.Development Server|IOS.ActiveCfg = IOS_Development_Server|Win32
		{0B8E6595-A510-4D7C-862D-F8EB9BE5821E}.Development Server|IOS.Build.0 = IOS_Development_Server|Win32
		{0B8E6595-A510-4D7C-862D-F8EB9BE5821E}.Development Server|Win32.ActiveCfg = Development_Server|Win32
		{0B8E6595-A510-4D7C-862D-F8EB9BE5821E}.Development Server|Win32.Build.0 = Development_Server|Win32
		{0B8E6595-A510-4D7C-862D-F8EB9BE5821E}.Development Server|Win64.ActiveCfg = Development_Server|x64
		{0B8E6595-A510-4D7C-862D-F8EB9BE5821E}.Development Server|Win64.Build.0 = Development_Server|x64
		{0B8E6595-A510-4D7C-862D-F8EB9BE5821E}.Development|IOS.ActiveCfg = IOS_Development|Win32
		{0B8E6595-A510-4D7C-862D-F8EB9BE5821E}.Development|IOS.Build.0 = IOS_Development|Win32
		{0B8E6595-A510-4D7C-862D-F8EB9BE5821E}.Development|Win32.ActiveCfg = Development|Win32
		{0B8E6595-A510-4D7C-862D-F8EB9BE5821E}.Development|Win32.Build.0 = Development|Win32
		{0B8E6595-A510-4D7C-862D-F8EB9BE5821E}.Development|Win64.ActiveCfg = Development|x64
		{0B8E6595-A510-4D7C-862D-F8EB9BE5821E}.Development|Win64.Build.0 = Development|x64
		{0B8E6595-A510-4D7C-862D-F8EB9BE5821E}.Shipping Server|IOS.ActiveCfg = IOS_Shipping_Server|Win32
		{0B8E6595-A510-4D7C-862D-F8EB9BE5821E}.Shipping Server|IOS.Build.0 = IOS_Shipping_Server|Win32
		{0B8E6595-A510-4D7C-862D-F8EB9BE5821E}.Shipping Server|Win32.ActiveCfg = Shipping_Server|Win32
		{0B8E6595-A510-4D7C-862D-F8EB9BE5821E}.Shipping Server|Win32.Build.0 = Shipping_Server|Win32
		{0B8E6595-A510-4D7C-862D-F8EB9BE5821E}.Shipping Server|Win64.ActiveCfg = Shipping_Server|x64
		{0B8E6595-A510-4D7C-862D-F8EB9BE5821E}.Shipping Server|Win64.Build.0 = Shipping_Server|x64
		{0B8E6595-A510-4D7C-862D-F8EB9BE5821E}.Shipping|IOS.ActiveCfg = IOS_Shipping|Win32
		{0B8E6595-A510-4D7C-862D-F8EB9BE5821E}.Shipping|IOS.Build.0 = IOS_Shipping|Win32
		{0B8E6595-A510-4D7C-862D-F8EB9BE5821E}.Shipping|Win32.ActiveCfg = Shipping|Win32
		{0B8E6595-A510-4D7C-862D-F8EB9BE5821E}.Shipping|Win32.Build.0 = Shipping|Win32
		{0B8E6595-A510-4D7C-862D-F8EB9BE5821E}.Shipping|Win64.ActiveCfg = Shipping|x64
		{0B8E6595-A510-4D7C-862D-F8EB9BE5821E}.Shipping|Win64.Build.0 = Shipping|x64
		{5F9D95F4-467C-4D7D-9259-A26C4C3F1CEB}.DebugGame Editor|IOS.ActiveCfg = BuiltWithUnrealBuildTool|Win32
		{5F9D95F4-467C-4D7D-9259-A26C4C3F1CEB}.DebugGame Editor|Win32.ActiveCfg = BuiltWithUnrealBuildTool|Win32
		{5F9D95F4-467C-4D7D-9259-A26C4C3F1CEB}.DebugGame Editor|Win64.ActiveCfg = BuiltWithUnrealBuildTool|Win32
		{5F9D95F4-467C-4D7D-9259-A26C4C3F1CEB}.DebugGame Server|IOS.ActiveCfg = BuiltWithUnrealBuildTool|Win32
		{5F9D95F4-467C-4D7D-9259-A26C4C3F1CEB}.DebugGame Server|Win32.ActiveCfg = BuiltWithUnrealBuildTool|Win32
		{5F9D95F4-467C-4D7D-9259-A26C4C3F1CEB}.DebugGame Server|Win64.ActiveCfg = BuiltWithUnrealBuildTool|Win32
		{5F9D95F4-467C-4D7D-9259-A26C4C3F1CEB}.DebugGame|IOS.ActiveCfg = BuiltWithUnrealBuildTool|Win32
		{5F9D95F4-467C-4D7D-9259-A26C4C3F1CEB}.DebugGame|Win32.ActiveCfg = BuiltWithUnrealBuildTool|Win32
		{5F9D95F4-467C-4D7D-9259-A26C4C3F1CEB}.DebugGame|Win64.ActiveCfg = BuiltWithUnrealBuildTool|Win32
		{5F9D95F4-467C-4D7D-9259-A26C4C3F1CEB}.Development Editor|IOS.ActiveCfg = BuiltWithUnrealBuildTool|Win32
		{5F9D95F4-467C-4D7D-9259-A26C4C3F1CEB}.Development Editor|Win32.ActiveCfg = BuiltWithUnrealBuildTool|Win32
		{5F9D95F4-467C-4D7D-9259-A26C4C3F1CEB}.Development Editor|Win64.ActiveCfg = BuiltWithUnrealBuildTool|Win32
		{5F9D95F4-467C-4D7D-9259-A26C4C3F1CEB}.Development Server|IOS.ActiveCfg = BuiltWithUnrealBuildTool|Win32
		{5F9D95F4-467C-4D7D-9259-A26C4C3F1CEB}.Development Server|Win32.ActiveCfg = BuiltWithUnrealBuildTool|Win32
		{5F9D95F4-467C-4D7D-9259-A26C4C3F1CEB}.Development Server|Win64.ActiveCfg = BuiltWithUnrealBuildTool|Win32
		{5F9D95F4-467C-4D7D-9259-A26C4C3F1CEB}.Development|IOS.ActiveCfg = BuiltWithUnrealBuildTool|Win32
		{5F9D95F4-467C-4D7D-9259-A26C4C3F1CEB}.Development|Win32.ActiveCfg = BuiltWithUnrealBuildTool|Win32
		{5F9D95F4-467C-4D7D-9259-A26C4C3F1CEB}.Development|Win64.ActiveCfg = BuiltWithUnrealBuildTool|Win32
		{5F9D95F4-467C-4D7D-9259-A26C4C3F1CEB}.Shipping Server|IOS.ActiveCfg = BuiltWithUnrealBuildTool|Win32
		{5F9D95F4-467C-4D7D-9259-A26C4C3F1CEB}.Shipping Server|Win32.ActiveCfg = BuiltWithUnrealBuildTool|Win32
		{5F9D95F4-467C-4D7D-9259-A26C4C3F1CEB}.Shipping Server|Win64.ActiveCfg = BuiltWithUnrealBuildTool|Win32
		{5F9D95F4-467C-4D7D-9259-A26C4C3F1CEB}.Shipping|IOS.ActiveCfg = BuiltWithUnrealBuildTool|Win32
		{5F9D95F4-467C-4D7D-9259-A26C4C3F1CEB}.Shipping|Win32.ActiveCfg = BuiltWithUnrealBuildTool|Win32
		{5F9D95F4-467C-4D7D-9259-A26C4C3F1CEB}.Shipping|Win64.ActiveCfg = BuiltWithUnrealBuildTool|Win32
	EndGlobalSection
	GlobalSection(SolutionProperties) = preSolution
		HideSolutionNode = FALSE
	EndGlobalSection
	GlobalSection(NestedProjects) = preSolution
		{5F9D95F4-467C-4D7D-9259-A26C4C3F1CEB} = {94A6C6F3-99B3-346E-9557-ABF9D4064DBD}
		{0B8E6595-A510-4D7C-862D-F8EB9BE5821E} = {8E2F6A87-1826-34F4-940C-CC23A48F9FE4}
	EndGlobalSection
EndGlobal
