
Microsoft Visual Studio Solution File, Format Version 12.00
# Visual Studio Version 16
VisualStudioVersion = 16.0.28315.86
MinimumVisualStudioVersion = 10.0.40219.1
Project("{2150E333-8FDC-42A3-9474-1A3956D46DE8}") = "Engine", "Engine", "{94A6C6F3-99B3-346E-9557-ABF9D4064DBD}"
EndProject
Project("{2150E333-8FDC-42A3-9474-1A3956D46DE8}") = "Games", "Games", "{8E2F6A87-1826-34F4-940C-CC23A48F9FE4}"
EndProject
Project("{8BC9CEB8-8B4A-11D0-8D11-00A0C91BC942}") = "UE4", "Intermediate\ProjectFiles\UE4.vcxproj", "{1D866576-0B27-4CAA-8EF6-12EF31C744B6}"
EndProject
Project("{8BC9CEB8-8B4A-11D0-8D11-00A0C91BC942}") = "ThirdPersonMP", "Intermediate\ProjectFiles\ThirdPersonMP.vcxproj", "{EEB45B79-011E-4D8D-BE11-66A11B091F11}"
EndProject
Project("{8BC9CEB8-8B4A-11D0-8D11-00A0C91BC942}") = "ThirdPersonMPServer", "Intermediate\ProjectFiles\ThirdPersonMPServer.vcxproj", "{907785DF-D623-40C8-80AD-D623472504B9}"
EndProject
Project("{2150E333-8FDC-42A3-9474-1A3956D46DE8}") = "Visualizers", "Visualizers", "{1CCEC849-CC72-4C59-8C36-2F7C38706D4C}"
	ProjectSection(SolutionItems) = preProject
		..\..\..\..\..\Program Files\Epic Games\UE_4.27\Engine\Extras\VisualStudioDebugging\UE4.natvis = ..\..\..\..\..\Program Files\Epic Games\UE_4.27\Engine\Extras\VisualStudioDebugging\UE4.natvis
	EndProjectSection
EndProject
Global
	GlobalSection(SolutionConfigurationPlatforms) = preSolution
		DebugGame Editor|HoloLens = DebugGame Editor|HoloLens
		DebugGame Editor|Win32 = DebugGame Editor|Win32
		DebugGame Editor|Win64 = DebugGame Editor|Win64
		DebugGame|HoloLens = DebugGame|HoloLens
		DebugGame|Win32 = DebugGame|Win32
		DebugGame|Win64 = DebugGame|Win64
		Development Editor|HoloLens = Development Editor|HoloLens
		Development Editor|Win32 = Development Editor|Win32
		Development Editor|Win64 = Development Editor|Win64
		Development|HoloLens = Development|HoloLens
		Development|Win32 = Development|Win32
		Development|Win64 = Development|Win64
		Shipping|HoloLens = Shipping|HoloLens
		Shipping|Win32 = Shipping|Win32
		Shipping|Win64 = Shipping|Win64
	EndGlobalSection
	# Visual Assist Section
	GlobalSection(44630d46-96b5-488c-8df926e21db8c1a3) = preSolution
		ueSolution=true
	EndGlobalSection
	GlobalSection(ProjectConfigurationPlatforms) = postSolution
		{1D866576-0B27-4CAA-8EF6-12EF31C744B6}.DebugGame Editor|HoloLens.ActiveCfg = BuiltWithUnrealBuildTool|Win32
		{1D866576-0B27-4CAA-8EF6-12EF31C744B6}.DebugGame Editor|Win32.ActiveCfg = BuiltWithUnrealBuildTool|Win32
		{1D866576-0B27-4CAA-8EF6-12EF31C744B6}.DebugGame Editor|Win64.ActiveCfg = BuiltWithUnrealBuildTool|Win32
		{1D866576-0B27-4CAA-8EF6-12EF31C744B6}.DebugGame|HoloLens.ActiveCfg = BuiltWithUnrealBuildTool|Win32
		{1D866576-0B27-4CAA-8EF6-12EF31C744B6}.DebugGame|Win32.ActiveCfg = BuiltWithUnrealBuildTool|Win32
		{1D866576-0B27-4CAA-8EF6-12EF31C744B6}.DebugGame|Win64.ActiveCfg = BuiltWithUnrealBuildTool|Win32
		{1D866576-0B27-4CAA-8EF6-12EF31C744B6}.Development Editor|HoloLens.ActiveCfg = BuiltWithUnrealBuildTool|Win32
		{1D866576-0B27-4CAA-8EF6-12EF31C744B6}.Development Editor|Win32.ActiveCfg = BuiltWithUnrealBuildTool|Win32
		{1D866576-0B27-4CAA-8EF6-12EF31C744B6}.Development Editor|Win64.ActiveCfg = BuiltWithUnrealBuildTool|Win32
		{1D866576-0B27-4CAA-8EF6-12EF31C744B6}.Development|HoloLens.ActiveCfg = BuiltWithUnrealBuildTool|Win32
		{1D866576-0B27-4CAA-8EF6-12EF31C744B6}.Development|Win32.ActiveCfg = BuiltWithUnrealBuildTool|Win32
		{1D866576-0B27-4CAA-8EF6-12EF31C744B6}.Development|Win64.ActiveCfg = BuiltWithUnrealBuildTool|Win32
		{1D866576-0B27-4CAA-8EF6-12EF31C744B6}.Shipping|HoloLens.ActiveCfg = BuiltWithUnrealBuildTool|Win32
		{1D866576-0B27-4CAA-8EF6-12EF31C744B6}.Shipping|Win32.ActiveCfg = BuiltWithUnrealBuildTool|Win32
		{1D866576-0B27-4CAA-8EF6-12EF31C744B6}.Shipping|Win64.ActiveCfg = BuiltWithUnrealBuildTool|Win32
		{EEB45B79-011E-4D8D-BE11-66A11B091F11}.DebugGame Editor|HoloLens.ActiveCfg = Invalid|Win32
		{EEB45B79-011E-4D8D-BE11-66A11B091F11}.DebugGame Editor|Win32.ActiveCfg = Invalid|Win32
		{EEB45B79-011E-4D8D-BE11-66A11B091F11}.DebugGame Editor|Win64.ActiveCfg = DebugGame_Editor|x64
		{EEB45B79-011E-4D8D-BE11-66A11B091F11}.DebugGame Editor|Win64.Build.0 = DebugGame_Editor|x64
		{EEB45B79-011E-4D8D-BE11-66A11B091F11}.DebugGame|HoloLens.ActiveCfg = DebugGame|arm64
		{EEB45B79-011E-4D8D-BE11-66A11B091F11}.DebugGame|HoloLens.Build.0 = DebugGame|arm64
		{EEB45B79-011E-4D8D-BE11-66A11B091F11}.DebugGame|HoloLens.Deploy.0 = DebugGame|arm64
		{EEB45B79-011E-4D8D-BE11-66A11B091F11}.DebugGame|Win32.ActiveCfg = DebugGame|Win32
		{EEB45B79-011E-4D8D-BE11-66A11B091F11}.DebugGame|Win32.Build.0 = DebugGame|Win32
		{EEB45B79-011E-4D8D-BE11-66A11B091F11}.DebugGame|Win64.ActiveCfg = DebugGame|x64
		{EEB45B79-011E-4D8D-BE11-66A11B091F11}.DebugGame|Win64.Build.0 = DebugGame|x64
		{EEB45B79-011E-4D8D-BE11-66A11B091F11}.Development Editor|HoloLens.ActiveCfg = Invalid|Win32
		{EEB45B79-011E-4D8D-BE11-66A11B091F11}.Development Editor|Win32.ActiveCfg = Invalid|Win32
		{EEB45B79-011E-4D8D-BE11-66A11B091F11}.Development Editor|Win64.ActiveCfg = Development_Editor|x64
		{EEB45B79-011E-4D8D-BE11-66A11B091F11}.Development Editor|Win64.Build.0 = Development_Editor|x64
		{EEB45B79-011E-4D8D-BE11-66A11B091F11}.Development|HoloLens.ActiveCfg = Development|arm64
		{EEB45B79-011E-4D8D-BE11-66A11B091F11}.Development|HoloLens.Build.0 = Development|arm64
		{EEB45B79-011E-4D8D-BE11-66A11B091F11}.Development|HoloLens.Deploy.0 = Development|arm64
		{EEB45B79-011E-4D8D-BE11-66A11B091F11}.Development|Win32.ActiveCfg = Development|Win32
		{EEB45B79-011E-4D8D-BE11-66A11B091F11}.Development|Win32.Build.0 = Development|Win32
		{EEB45B79-011E-4D8D-BE11-66A11B091F11}.Development|Win64.ActiveCfg = Development|x64
		{EEB45B79-011E-4D8D-BE11-66A11B091F11}.Development|Win64.Build.0 = Development|x64
		{EEB45B79-011E-4D8D-BE11-66A11B091F11}.Shipping|HoloLens.ActiveCfg = Shipping|arm64
		{EEB45B79-011E-4D8D-BE11-66A11B091F11}.Shipping|HoloLens.Build.0 = Shipping|arm64
		{EEB45B79-011E-4D8D-BE11-66A11B091F11}.Shipping|HoloLens.Deploy.0 = Shipping|arm64
		{EEB45B79-011E-4D8D-BE11-66A11B091F11}.Shipping|Win32.ActiveCfg = Shipping|Win32
		{EEB45B79-011E-4D8D-BE11-66A11B091F11}.Shipping|Win32.Build.0 = Shipping|Win32
		{EEB45B79-011E-4D8D-BE11-66A11B091F11}.Shipping|Win64.ActiveCfg = Shipping|x64
		{EEB45B79-011E-4D8D-BE11-66A11B091F11}.Shipping|Win64.Build.0 = Shipping|x64
		{907785DF-D623-40C8-80AD-D623472504B9}.DebugGame Editor|HoloLens.ActiveCfg = Invalid|Win32
		{907785DF-D623-40C8-80AD-D623472504B9}.DebugGame Editor|Win32.ActiveCfg = Invalid|Win32
		{907785DF-D623-40C8-80AD-D623472504B9}.DebugGame Editor|Win64.ActiveCfg = Invalid|Win32
		{907785DF-D623-40C8-80AD-D623472504B9}.DebugGame|HoloLens.ActiveCfg = DebugGame|arm64
		{907785DF-D623-40C8-80AD-D623472504B9}.DebugGame|HoloLens.Build.0 = DebugGame|arm64
		{907785DF-D623-40C8-80AD-D623472504B9}.DebugGame|HoloLens.Deploy.0 = DebugGame|arm64
		{907785DF-D623-40C8-80AD-D623472504B9}.DebugGame|Win32.ActiveCfg = DebugGame|Win32
		{907785DF-D623-40C8-80AD-D623472504B9}.DebugGame|Win32.Build.0 = DebugGame|Win32
		{907785DF-D623-40C8-80AD-D623472504B9}.DebugGame|Win64.ActiveCfg = DebugGame|x64
		{907785DF-D623-40C8-80AD-D623472504B9}.DebugGame|Win64.Build.0 = DebugGame|x64
		{907785DF-D623-40C8-80AD-D623472504B9}.Development Editor|HoloLens.ActiveCfg = Invalid|Win32
		{907785DF-D623-40C8-80AD-D623472504B9}.Development Editor|Win32.ActiveCfg = Invalid|Win32
		{907785DF-D623-40C8-80AD-D623472504B9}.Development Editor|Win64.ActiveCfg = Invalid|Win32
		{907785DF-D623-40C8-80AD-D623472504B9}.Development|HoloLens.ActiveCfg = Development|arm64
		{907785DF-D623-40C8-80AD-D623472504B9}.Development|HoloLens.Build.0 = Development|arm64
		{907785DF-D623-40C8-80AD-D623472504B9}.Development|HoloLens.Deploy.0 = Development|arm64
		{907785DF-D623-40C8-80AD-D623472504B9}.Development|Win32.ActiveCfg = Development|Win32
		{907785DF-D623-40C8-80AD-D623472504B9}.Development|Win32.Build.0 = Development|Win32
		{907785DF-D623-40C8-80AD-D623472504B9}.Development|Win64.ActiveCfg = Development|x64
		{907785DF-D623-40C8-80AD-D623472504B9}.Development|Win64.Build.0 = Development|x64
		{907785DF-D623-40C8-80AD-D623472504B9}.Shipping|HoloLens.ActiveCfg = Shipping|arm64
		{907785DF-D623-40C8-80AD-D623472504B9}.Shipping|HoloLens.Build.0 = Shipping|arm64
		{907785DF-D623-40C8-80AD-D623472504B9}.Shipping|HoloLens.Deploy.0 = Shipping|arm64
		{907785DF-D623-40C8-80AD-D623472504B9}.Shipping|Win32.ActiveCfg = Shipping|Win32
		{907785DF-D623-40C8-80AD-D623472504B9}.Shipping|Win32.Build.0 = Shipping|Win32
		{907785DF-D623-40C8-80AD-D623472504B9}.Shipping|Win64.ActiveCfg = Shipping|x64
		{907785DF-D623-40C8-80AD-D623472504B9}.Shipping|Win64.Build.0 = Shipping|x64
	EndGlobalSection
	GlobalSection(SolutionProperties) = preSolution
		HideSolutionNode = FALSE
	EndGlobalSection
	GlobalSection(NestedProjects) = preSolution
		{1D866576-0B27-4CAA-8EF6-12EF31C744B6} = {94A6C6F3-99B3-346E-9557-ABF9D4064DBD}
		{EEB45B79-011E-4D8D-BE11-66A11B091F11} = {8E2F6A87-1826-34F4-940C-CC23A48F9FE4}
		{907785DF-D623-40C8-80AD-D623472504B9} = {8E2F6A87-1826-34F4-940C-CC23A48F9FE4}
	EndGlobalSection
EndGlobal
